// !$*UTF8*$!
{
	archiveVersion = 1;
	classes = {
	};
	objectVersion = 56;
	objects = {

/* Begin PBXBuildFile section */
		C419D38C2C4B59190096F750 /* ForecastMapView.swift in Sources */ = {isa = PBXBuildFile; fileRef = C419D38B2C4B59190096F750 /* ForecastMapView.swift */; };
		C419D3902C4B5F850096F750 /* SeaMapView.swift in Sources */ = {isa = PBXBuildFile; fileRef = C419D38F2C4B5F850096F750 /* SeaMapView.swift */; };
		C419D3922C4B66D60096F750 /* SeaMapData.swift in Sources */ = {isa = PBXBuildFile; fileRef = C419D3912C4B66D60096F750 /* SeaMapData.swift */; };
		C419D3942C4BFA020096F750 /* WeatherMapView.swift in Sources */ = {isa = PBXBuildFile; fileRef = C419D3932C4BFA020096F750 /* WeatherMapView.swift */; };
		C419D3962C4BFD500096F750 /* ForecastMapData.swift in Sources */ = {isa = PBXBuildFile; fileRef = C419D3952C4BFD500096F750 /* ForecastMapData.swift */; };
		C43E2C432C468EA5001347B6 /* SatelliteView.swift in Sources */ = {isa = PBXBuildFile; fileRef = C43E2C422C468EA5001347B6 /* SatelliteView.swift */; };
		C43E2C452C46914D001347B6 /* SatellilteData.swift in Sources */ = {isa = PBXBuildFile; fileRef = C43E2C442C46914D001347B6 /* SatellilteData.swift */; };
		C43E2C492C47E610001347B6 /* WeatherMapData.swift in Sources */ = {isa = PBXBuildFile; fileRef = C43E2C482C47E610001347B6 /* WeatherMapData.swift */; };
		C49AF7FF2C420CF600B19399 /* SwiftSoup in Frameworks */ = {isa = PBXBuildFile; productRef = C49AF7FE2C420CF600B19399 /* SwiftSoup */; };
		C49AF8012C4223A700B19399 /* RaderView.swift in Sources */ = {isa = PBXBuildFile; fileRef = C49AF8002C4223A700B19399 /* RaderView.swift */; };
		C49AF8032C425CE900B19399 /* RaderModel.swift in Sources */ = {isa = PBXBuildFile; fileRef = C49AF8022C425CE900B19399 /* RaderModel.swift */; };
		C4AEB45D2C281A820084B103 /* AmedasNowApp.swift in Sources */ = {isa = PBXBuildFile; fileRef = C4AEB45C2C281A820084B103 /* AmedasNowApp.swift */; };
		C4AEB45F2C281A820084B103 /* ContentView.swift in Sources */ = {isa = PBXBuildFile; fileRef = C4AEB45E2C281A820084B103 /* ContentView.swift */; };
		C4AEB4612C281A830084B103 /* Assets.xcassets in Resources */ = {isa = PBXBuildFile; fileRef = C4AEB4602C281A830084B103 /* Assets.xcassets */; };
		C4AEB4652C281A830084B103 /* Preview Assets.xcassets in Resources */ = {isa = PBXBuildFile; fileRef = C4AEB4642C281A830084B103 /* Preview Assets.xcassets */; };
		C4AEB46E2C281C3A0084B103 /* MapView.swift in Sources */ = {isa = PBXBuildFile; fileRef = C4AEB46D2C281C3A0084B103 /* MapView.swift */; };
		C4AEB4702C2990410084B103 /* AmedasTableData.swift in Sources */ = {isa = PBXBuildFile; fileRef = C4AEB46F2C2990410084B103 /* AmedasTableData.swift */; };
		C4AEB4722C2C2C0A0084B103 /* LatestTimeData.swift in Sources */ = {isa = PBXBuildFile; fileRef = C4AEB4712C2C2C0A0084B103 /* LatestTimeData.swift */; };
		C4AEB4742C2EF2740084B103 /* AmedasMapData.swift in Sources */ = {isa = PBXBuildFile; fileRef = C4AEB4732C2EF2740084B103 /* AmedasMapData.swift */; };
		C4AEB4762C3017A10084B103 /* GraphView.swift in Sources */ = {isa = PBXBuildFile; fileRef = C4AEB4752C3017A10084B103 /* GraphView.swift */; };
		C4AEB47A2C302EB40084B103 /* TempChartView.swift in Sources */ = {isa = PBXBuildFile; fileRef = C4AEB4792C302EB40084B103 /* TempChartView.swift */; };
		C4AEB47C2C302EEA0084B103 /* WindChartView.swift in Sources */ = {isa = PBXBuildFile; fileRef = C4AEB47B2C302EEA0084B103 /* WindChartView.swift */; };
		C4AEB47E2C30332E0084B103 /* Prec1hChartView.swift in Sources */ = {isa = PBXBuildFile; fileRef = C4AEB47D2C30332E0084B103 /* Prec1hChartView.swift */; };
		C4AEB4802C3104B20084B103 /* PointData.swift in Sources */ = {isa = PBXBuildFile; fileRef = C4AEB47F2C3104B20084B103 /* PointData.swift */; };
		C4AEB4822C3572160084B103 /* MenueView.swift in Sources */ = {isa = PBXBuildFile; fileRef = C4AEB4812C3572160084B103 /* MenueView.swift */; };
		C4C71C242C453B5200F36F52 /* MultiMapView.swift in Sources */ = {isa = PBXBuildFile; fileRef = C4C71C232C453B5200F36F52 /* MultiMapView.swift */; };
		C4E22E822C4F3EDC007DA59E /* UVView.swift in Sources */ = {isa = PBXBuildFile; fileRef = C4E22E812C4F3EDC007DA59E /* UVView.swift */; };
		C4E22E842C4F413F007DA59E /* UVData.swift in Sources */ = {isa = PBXBuildFile; fileRef = C4E22E832C4F413F007DA59E /* UVData.swift */; };
		C4E22E862C4FC5A2007DA59E /* RainCloudView.swift in Sources */ = {isa = PBXBuildFile; fileRef = C4E22E852C4FC5A2007DA59E /* RainCloudView.swift */; };
		C4E22E882C4FCAD5007DA59E /* ThunderNccView.swift in Sources */ = {isa = PBXBuildFile; fileRef = C4E22E872C4FCAD5007DA59E /* ThunderNccView.swift */; };
		C4E22E8A2C4FCB7D007DA59E /* ThunderNccData.swift in Sources */ = {isa = PBXBuildFile; fileRef = C4E22E892C4FCB7D007DA59E /* ThunderNccData.swift */; };
		C4EB27D92C3EAB5D00F9B787 /* RankData.swift in Sources */ = {isa = PBXBuildFile; fileRef = C4EB27D82C3EAB5D00F9B787 /* RankData.swift */; };
		C4EB27DD2C3FFC2C00F9B787 /* RankView.swift in Sources */ = {isa = PBXBuildFile; fileRef = C4EB27DC2C3FFC2C00F9B787 /* RankView.swift */; };
/* End PBXBuildFile section */

/* Begin PBXFileReference section */
		C419D38B2C4B59190096F750 /* ForecastMapView.swift */ = {isa = PBXFileReference; lastKnownFileType = sourcecode.swift; path = ForecastMapView.swift; sourceTree = "<group>"; };
		C419D38F2C4B5F850096F750 /* SeaMapView.swift */ = {isa = PBXFileReference; lastKnownFileType = sourcecode.swift; path = SeaMapView.swift; sourceTree = "<group>"; };
		C419D3912C4B66D60096F750 /* SeaMapData.swift */ = {isa = PBXFileReference; lastKnownFileType = sourcecode.swift; path = SeaMapData.swift; sourceTree = "<group>"; };
		C419D3932C4BFA020096F750 /* WeatherMapView.swift */ = {isa = PBXFileReference; lastKnownFileType = sourcecode.swift; path = WeatherMapView.swift; sourceTree = "<group>"; };
		C419D3952C4BFD500096F750 /* ForecastMapData.swift */ = {isa = PBXFileReference; lastKnownFileType = sourcecode.swift; path = ForecastMapData.swift; sourceTree = "<group>"; };
		C43E2C422C468EA5001347B6 /* SatelliteView.swift */ = {isa = PBXFileReference; lastKnownFileType = sourcecode.swift; path = SatelliteView.swift; sourceTree = "<group>"; };
		C43E2C442C46914D001347B6 /* SatellilteData.swift */ = {isa = PBXFileReference; lastKnownFileType = sourcecode.swift; path = SatellilteData.swift; sourceTree = "<group>"; };
		C43E2C482C47E610001347B6 /* WeatherMapData.swift */ = {isa = PBXFileReference; lastKnownFileType = sourcecode.swift; path = WeatherMapData.swift; sourceTree = "<group>"; };
		C49AF8002C4223A700B19399 /* RaderView.swift */ = {isa = PBXFileReference; lastKnownFileType = sourcecode.swift; path = RaderView.swift; sourceTree = "<group>"; };
		C49AF8022C425CE900B19399 /* RaderModel.swift */ = {isa = PBXFileReference; lastKnownFileType = sourcecode.swift; path = RaderModel.swift; sourceTree = "<group>"; };
		C4AEB4592C281A820084B103 /* AmedasNow.app */ = {isa = PBXFileReference; explicitFileType = wrapper.application; includeInIndex = 0; path = AmedasNow.app; sourceTree = BUILT_PRODUCTS_DIR; };
		C4AEB45C2C281A820084B103 /* AmedasNowApp.swift */ = {isa = PBXFileReference; lastKnownFileType = sourcecode.swift; path = AmedasNowApp.swift; sourceTree = "<group>"; };
		C4AEB45E2C281A820084B103 /* ContentView.swift */ = {isa = PBXFileReference; lastKnownFileType = sourcecode.swift; path = ContentView.swift; sourceTree = "<group>"; };
		C4AEB4602C281A830084B103 /* Assets.xcassets */ = {isa = PBXFileReference; lastKnownFileType = folder.assetcatalog; path = Assets.xcassets; sourceTree = "<group>"; };
		C4AEB4622C281A830084B103 /* AmedasNow.entitlements */ = {isa = PBXFileReference; lastKnownFileType = text.plist.entitlements; path = AmedasNow.entitlements; sourceTree = "<group>"; };
		C4AEB4642C281A830084B103 /* Preview Assets.xcassets */ = {isa = PBXFileReference; lastKnownFileType = folder.assetcatalog; path = "Preview Assets.xcassets"; sourceTree = "<group>"; };
		C4AEB46D2C281C3A0084B103 /* MapView.swift */ = {isa = PBXFileReference; lastKnownFileType = sourcecode.swift; path = MapView.swift; sourceTree = "<group>"; };
		C4AEB46F2C2990410084B103 /* AmedasTableData.swift */ = {isa = PBXFileReference; lastKnownFileType = sourcecode.swift; path = AmedasTableData.swift; sourceTree = "<group>"; };
		C4AEB4712C2C2C0A0084B103 /* LatestTimeData.swift */ = {isa = PBXFileReference; lastKnownFileType = sourcecode.swift; path = LatestTimeData.swift; sourceTree = "<group>"; };
		C4AEB4732C2EF2740084B103 /* AmedasMapData.swift */ = {isa = PBXFileReference; lastKnownFileType = sourcecode.swift; path = AmedasMapData.swift; sourceTree = "<group>"; };
		C4AEB4752C3017A10084B103 /* GraphView.swift */ = {isa = PBXFileReference; lastKnownFileType = sourcecode.swift; path = GraphView.swift; sourceTree = "<group>"; };
		C4AEB4792C302EB40084B103 /* TempChartView.swift */ = {isa = PBXFileReference; lastKnownFileType = sourcecode.swift; path = TempChartView.swift; sourceTree = "<group>"; };
		C4AEB47B2C302EEA0084B103 /* WindChartView.swift */ = {isa = PBXFileReference; lastKnownFileType = sourcecode.swift; path = WindChartView.swift; sourceTree = "<group>"; };
		C4AEB47D2C30332E0084B103 /* Prec1hChartView.swift */ = {isa = PBXFileReference; lastKnownFileType = sourcecode.swift; path = Prec1hChartView.swift; sourceTree = "<group>"; };
		C4AEB47F2C3104B20084B103 /* PointData.swift */ = {isa = PBXFileReference; lastKnownFileType = sourcecode.swift; path = PointData.swift; sourceTree = "<group>"; };
		C4AEB4812C3572160084B103 /* MenueView.swift */ = {isa = PBXFileReference; lastKnownFileType = sourcecode.swift; path = MenueView.swift; sourceTree = "<group>"; };
		C4C71C232C453B5200F36F52 /* MultiMapView.swift */ = {isa = PBXFileReference; lastKnownFileType = sourcecode.swift; path = MultiMapView.swift; sourceTree = "<group>"; };
		C4E22E812C4F3EDC007DA59E /* UVView.swift */ = {isa = PBXFileReference; lastKnownFileType = sourcecode.swift; path = UVView.swift; sourceTree = "<group>"; };
		C4E22E832C4F413F007DA59E /* UVData.swift */ = {isa = PBXFileReference; lastKnownFileType = sourcecode.swift; path = UVData.swift; sourceTree = "<group>"; };
		C4E22E852C4FC5A2007DA59E /* RainCloudView.swift */ = {isa = PBXFileReference; lastKnownFileType = sourcecode.swift; path = RainCloudView.swift; sourceTree = "<group>"; };
		C4E22E872C4FCAD5007DA59E /* ThunderNccView.swift */ = {isa = PBXFileReference; lastKnownFileType = sourcecode.swift; path = ThunderNccView.swift; sourceTree = "<group>"; };
		C4E22E892C4FCB7D007DA59E /* ThunderNccData.swift */ = {isa = PBXFileReference; lastKnownFileType = sourcecode.swift; path = ThunderNccData.swift; sourceTree = "<group>"; };
		C4EB27D82C3EAB5D00F9B787 /* RankData.swift */ = {isa = PBXFileReference; lastKnownFileType = sourcecode.swift; path = RankData.swift; sourceTree = "<group>"; };
		C4EB27DC2C3FFC2C00F9B787 /* RankView.swift */ = {isa = PBXFileReference; lastKnownFileType = sourcecode.swift; path = RankView.swift; sourceTree = "<group>"; };
/* End PBXFileReference section */

/* Begin PBXFrameworksBuildPhase section */
		C4AEB4562C281A820084B103 /* Frameworks */ = {
			isa = PBXFrameworksBuildPhase;
			buildActionMask = 2147483647;
			files = (
				C49AF7FF2C420CF600B19399 /* SwiftSoup in Frameworks */,
			);
			runOnlyForDeploymentPostprocessing = 0;
		};
/* End PBXFrameworksBuildPhase section */

/* Begin PBXGroup section */
		C419D38D2C4B5EFA0096F750 /* Chart */ = {
			isa = PBXGroup;
			children = (
				C4AEB4752C3017A10084B103 /* GraphView.swift */,
				C4AEB4792C302EB40084B103 /* TempChartView.swift */,
				C4AEB47D2C30332E0084B103 /* Prec1hChartView.swift */,
				C4AEB47B2C302EEA0084B103 /* WindChartView.swift */,
			);
			path = Chart;
			sourceTree = "<group>";
		};
		C419D38E2C4B5F180096F750 /* Rader */ = {
			isa = PBXGroup;
			children = (
				C4C71C232C453B5200F36F52 /* MultiMapView.swift */,
				C49AF8002C4223A700B19399 /* RaderView.swift */,
				C4E22E812C4F3EDC007DA59E /* UVView.swift */,
				C4E22E852C4FC5A2007DA59E /* RainCloudView.swift */,
				C4E22E872C4FCAD5007DA59E /* ThunderNccView.swift */,
				C419D38F2C4B5F850096F750 /* SeaMapView.swift */,
				C419D38B2C4B59190096F750 /* ForecastMapView.swift */,
				C43E2C422C468EA5001347B6 /* SatelliteView.swift */,
			);
			path = Rader;
			sourceTree = "<group>";
		};
		C4AEB4502C281A820084B103 = {
			isa = PBXGroup;
			children = (
				C4AEB45B2C281A820084B103 /* AmedasNow */,
				C4AEB45A2C281A820084B103 /* Products */,
			);
			sourceTree = "<group>";
		};
		C4AEB45A2C281A820084B103 /* Products */ = {
			isa = PBXGroup;
			children = (
				C4AEB4592C281A820084B103 /* AmedasNow.app */,
			);
			name = Products;
			sourceTree = "<group>";
		};
		C4AEB45B2C281A820084B103 /* AmedasNow */ = {
			isa = PBXGroup;
			children = (
				C4AEB45C2C281A820084B103 /* AmedasNowApp.swift */,
				C4AEB45E2C281A820084B103 /* ContentView.swift */,
				C4AEB46C2C281BB60084B103 /* VIew */,
				C4AEB46B2C281BAC0084B103 /* Model */,
				C4AEB4602C281A830084B103 /* Assets.xcassets */,
				C4AEB4622C281A830084B103 /* AmedasNow.entitlements */,
				C4AEB4632C281A830084B103 /* Preview Content */,
			);
			path = AmedasNow;
			sourceTree = "<group>";
		};
		C4AEB4632C281A830084B103 /* Preview Content */ = {
			isa = PBXGroup;
			children = (
				C4AEB4642C281A830084B103 /* Preview Assets.xcassets */,
			);
			path = "Preview Content";
			sourceTree = "<group>";
		};
		C4AEB46B2C281BAC0084B103 /* Model */ = {
			isa = PBXGroup;
			children = (
				C4AEB46F2C2990410084B103 /* AmedasTableData.swift */,
				C43E2C482C47E610001347B6 /* WeatherMapData.swift */,
				C419D3952C4BFD500096F750 /* ForecastMapData.swift */,
				C419D3912C4B66D60096F750 /* SeaMapData.swift */,
				C4EB27D82C3EAB5D00F9B787 /* RankData.swift */,
				C49AF8022C425CE900B19399 /* RaderModel.swift */,
				C4E22E832C4F413F007DA59E /* UVData.swift */,
				C4E22E892C4FCB7D007DA59E /* ThunderNccData.swift */,
				C43E2C442C46914D001347B6 /* SatellilteData.swift */,
				C4AEB4732C2EF2740084B103 /* AmedasMapData.swift */,
				C4AEB4712C2C2C0A0084B103 /* LatestTimeData.swift */,
				C4AEB47F2C3104B20084B103 /* PointData.swift */,
			);
			path = Model;
			sourceTree = "<group>";
		};
		C4AEB46C2C281BB60084B103 /* VIew */ = {
			isa = PBXGroup;
			children = (
				C419D38D2C4B5EFA0096F750 /* Chart */,
				C4AEB46D2C281C3A0084B103 /* MapView.swift */,
				C4EB27DC2C3FFC2C00F9B787 /* RankView.swift */,
				C4AEB4812C3572160084B103 /* MenueView.swift */,
				C419D3932C4BFA020096F750 /* WeatherMapView.swift */,
				C419D38E2C4B5F180096F750 /* Rader */,
			);
			path = VIew;
			sourceTree = "<group>";
		};
/* End PBXGroup section */

/* Begin PBXNativeTarget section */
		C4AEB4582C281A820084B103 /* AmedasNow */ = {
			isa = PBXNativeTarget;
			buildConfigurationList = C4AEB4682C281A830084B103 /* Build configuration list for PBXNativeTarget "AmedasNow" */;
			buildPhases = (
				C4AEB4552C281A820084B103 /* Sources */,
				C4AEB4562C281A820084B103 /* Frameworks */,
				C4AEB4572C281A820084B103 /* Resources */,
			);
			buildRules = (
			);
			dependencies = (
			);
			name = AmedasNow;
			packageProductDependencies = (
				C49AF7FE2C420CF600B19399 /* SwiftSoup */,
			);
			productName = AmedasNow;
			productReference = C4AEB4592C281A820084B103 /* AmedasNow.app */;
			productType = "com.apple.product-type.application";
		};
/* End PBXNativeTarget section */

/* Begin PBXProject section */
		C4AEB4512C281A820084B103 /* Project object */ = {
			isa = PBXProject;
			attributes = {
				BuildIndependentTargetsInParallel = 1;
				LastSwiftUpdateCheck = 1530;
				LastUpgradeCheck = 1540;
				TargetAttributes = {
					C4AEB4582C281A820084B103 = {
						CreatedOnToolsVersion = 15.3;
					};
				};
			};
			buildConfigurationList = C4AEB4542C281A820084B103 /* Build configuration list for PBXProject "AmedasNow" */;
			compatibilityVersion = "Xcode 14.0";
			developmentRegion = en;
			hasScannedForEncodings = 0;
			knownRegions = (
				en,
				Base,
			);
			mainGroup = C4AEB4502C281A820084B103;
			packageReferences = (
				C49AF7FD2C420CF600B19399 /* XCRemoteSwiftPackageReference "SwiftSoup" */,
			);
			productRefGroup = C4AEB45A2C281A820084B103 /* Products */;
			projectDirPath = "";
			projectRoot = "";
			targets = (
				C4AEB4582C281A820084B103 /* AmedasNow */,
			);
		};
/* End PBXProject section */

/* Begin PBXResourcesBuildPhase section */
		C4AEB4572C281A820084B103 /* Resources */ = {
			isa = PBXResourcesBuildPhase;
			buildActionMask = 2147483647;
			files = (
				C4AEB4652C281A830084B103 /* Preview Assets.xcassets in Resources */,
				C4AEB4612C281A830084B103 /* Assets.xcassets in Resources */,
			);
			runOnlyForDeploymentPostprocessing = 0;
		};
/* End PBXResourcesBuildPhase section */

/* Begin PBXSourcesBuildPhase section */
		C4AEB4552C281A820084B103 /* Sources */ = {
			isa = PBXSourcesBuildPhase;
			buildActionMask = 2147483647;
			files = (
				C419D3942C4BFA020096F750 /* WeatherMapView.swift in Sources */,
				C4EB27DD2C3FFC2C00F9B787 /* RankView.swift in Sources */,
				C4E22E842C4F413F007DA59E /* UVData.swift in Sources */,
				C4C71C242C453B5200F36F52 /* MultiMapView.swift in Sources */,
				C43E2C432C468EA5001347B6 /* SatelliteView.swift in Sources */,
				C43E2C492C47E610001347B6 /* WeatherMapData.swift in Sources */,
				C419D3922C4B66D60096F750 /* SeaMapData.swift in Sources */,
				C4AEB47E2C30332E0084B103 /* Prec1hChartView.swift in Sources */,
				C419D3962C4BFD500096F750 /* ForecastMapData.swift in Sources */,
				C4AEB45F2C281A820084B103 /* ContentView.swift in Sources */,
				C4EB27D92C3EAB5D00F9B787 /* RankData.swift in Sources */,
				C4AEB4722C2C2C0A0084B103 /* LatestTimeData.swift in Sources */,
				C4AEB4762C3017A10084B103 /* GraphView.swift in Sources */,
				C4E22E8A2C4FCB7D007DA59E /* ThunderNccData.swift in Sources */,
				C4AEB4802C3104B20084B103 /* PointData.swift in Sources */,
				C4AEB47C2C302EEA0084B103 /* WindChartView.swift in Sources */,
				C4AEB4702C2990410084B103 /* AmedasTableData.swift in Sources */,
				C4E22E822C4F3EDC007DA59E /* UVView.swift in Sources */,
				C4AEB4822C3572160084B103 /* MenueView.swift in Sources */,
				C419D3902C4B5F850096F750 /* SeaMapView.swift in Sources */,
				C419D38C2C4B59190096F750 /* ForecastMapView.swift in Sources */,
				C49AF8032C425CE900B19399 /* RaderModel.swift in Sources */,
				C49AF8012C4223A700B19399 /* RaderView.swift in Sources */,
				C4E22E882C4FCAD5007DA59E /* ThunderNccView.swift in Sources */,
				C4E22E862C4FC5A2007DA59E /* RainCloudView.swift in Sources */,
				C43E2C452C46914D001347B6 /* SatellilteData.swift in Sources */,
				C4AEB46E2C281C3A0084B103 /* MapView.swift in Sources */,
				C4AEB47A2C302EB40084B103 /* TempChartView.swift in Sources */,
				C4AEB45D2C281A820084B103 /* AmedasNowApp.swift in Sources */,
				C4AEB4742C2EF2740084B103 /* AmedasMapData.swift in Sources */,
			);
			runOnlyForDeploymentPostprocessing = 0;
		};
/* End PBXSourcesBuildPhase section */

/* Begin XCBuildConfiguration section */
		C4AEB4662C281A830084B103 /* Debug */ = {
			isa = XCBuildConfiguration;
			buildSettings = {
				ALWAYS_SEARCH_USER_PATHS = NO;
				ASSETCATALOG_COMPILER_GENERATE_SWIFT_ASSET_SYMBOL_EXTENSIONS = YES;
				CLANG_ANALYZER_NONNULL = YES;
				CLANG_ANALYZER_NUMBER_OBJECT_CONVERSION = YES_AGGRESSIVE;
				CLANG_CXX_LANGUAGE_STANDARD = "gnu++20";
				CLANG_ENABLE_MODULES = YES;
				CLANG_ENABLE_OBJC_ARC = YES;
				CLANG_ENABLE_OBJC_WEAK = YES;
				CLANG_WARN_BLOCK_CAPTURE_AUTORELEASING = YES;
				CLANG_WARN_BOOL_CONVERSION = YES;
				CLANG_WARN_COMMA = YES;
				CLANG_WARN_CONSTANT_CONVERSION = YES;
				CLANG_WARN_DEPRECATED_OBJC_IMPLEMENTATIONS = YES;
				CLANG_WARN_DIRECT_OBJC_ISA_USAGE = YES_ERROR;
				CLANG_WARN_DOCUMENTATION_COMMENTS = YES;
				CLANG_WARN_EMPTY_BODY = YES;
				CLANG_WARN_ENUM_CONVERSION = YES;
				CLANG_WARN_INFINITE_RECURSION = YES;
				CLANG_WARN_INT_CONVERSION = YES;
				CLANG_WARN_NON_LITERAL_NULL_CONVERSION = YES;
				CLANG_WARN_OBJC_IMPLICIT_RETAIN_SELF = YES;
				CLANG_WARN_OBJC_LITERAL_CONVERSION = YES;
				CLANG_WARN_OBJC_ROOT_CLASS = YES_ERROR;
				CLANG_WARN_QUOTED_INCLUDE_IN_FRAMEWORK_HEADER = YES;
				CLANG_WARN_RANGE_LOOP_ANALYSIS = YES;
				CLANG_WARN_STRICT_PROTOTYPES = YES;
				CLANG_WARN_SUSPICIOUS_MOVE = YES;
				CLANG_WARN_UNGUARDED_AVAILABILITY = YES_AGGRESSIVE;
				CLANG_WARN_UNREACHABLE_CODE = YES;
				CLANG_WARN__DUPLICATE_METHOD_MATCH = YES;
				COPY_PHASE_STRIP = NO;
				DEBUG_INFORMATION_FORMAT = dwarf;
				ENABLE_STRICT_OBJC_MSGSEND = YES;
				ENABLE_TESTABILITY = YES;
				ENABLE_USER_SCRIPT_SANDBOXING = YES;
				GCC_C_LANGUAGE_STANDARD = gnu17;
				GCC_DYNAMIC_NO_PIC = NO;
				GCC_NO_COMMON_BLOCKS = YES;
				GCC_OPTIMIZATION_LEVEL = 0;
				GCC_PREPROCESSOR_DEFINITIONS = (
					"DEBUG=1",
					"$(inherited)",
				);
				GCC_WARN_64_TO_32_BIT_CONVERSION = YES;
				GCC_WARN_ABOUT_RETURN_TYPE = YES_ERROR;
				GCC_WARN_UNDECLARED_SELECTOR = YES;
				GCC_WARN_UNINITIALIZED_AUTOS = YES_AGGRESSIVE;
				GCC_WARN_UNUSED_FUNCTION = YES;
				GCC_WARN_UNUSED_VARIABLE = YES;
				LOCALIZATION_PREFERS_STRING_CATALOGS = YES;
				MTL_ENABLE_DEBUG_INFO = INCLUDE_SOURCE;
				MTL_FAST_MATH = YES;
				ONLY_ACTIVE_ARCH = YES;
				SWIFT_ACTIVE_COMPILATION_CONDITIONS = "DEBUG $(inherited)";
				SWIFT_OPTIMIZATION_LEVEL = "-Onone";
			};
			name = Debug;
		};
		C4AEB4672C281A830084B103 /* Release */ = {
			isa = XCBuildConfiguration;
			buildSettings = {
				ALWAYS_SEARCH_USER_PATHS = NO;
				ASSETCATALOG_COMPILER_GENERATE_SWIFT_ASSET_SYMBOL_EXTENSIONS = YES;
				CLANG_ANALYZER_NONNULL = YES;
				CLANG_ANALYZER_NUMBER_OBJECT_CONVERSION = YES_AGGRESSIVE;
				CLANG_CXX_LANGUAGE_STANDARD = "gnu++20";
				CLANG_ENABLE_MODULES = YES;
				CLANG_ENABLE_OBJC_ARC = YES;
				CLANG_ENABLE_OBJC_WEAK = YES;
				CLANG_WARN_BLOCK_CAPTURE_AUTORELEASING = YES;
				CLANG_WARN_BOOL_CONVERSION = YES;
				CLANG_WARN_COMMA = YES;
				CLANG_WARN_CONSTANT_CONVERSION = YES;
				CLANG_WARN_DEPRECATED_OBJC_IMPLEMENTATIONS = YES;
				CLANG_WARN_DIRECT_OBJC_ISA_USAGE = YES_ERROR;
				CLANG_WARN_DOCUMENTATION_COMMENTS = YES;
				CLANG_WARN_EMPTY_BODY = YES;
				CLANG_WARN_ENUM_CONVERSION = YES;
				CLANG_WARN_INFINITE_RECURSION = YES;
				CLANG_WARN_INT_CONVERSION = YES;
				CLANG_WARN_NON_LITERAL_NULL_CONVERSION = YES;
				CLANG_WARN_OBJC_IMPLICIT_RETAIN_SELF = YES;
				CLANG_WARN_OBJC_LITERAL_CONVERSION = YES;
				CLANG_WARN_OBJC_ROOT_CLASS = YES_ERROR;
				CLANG_WARN_QUOTED_INCLUDE_IN_FRAMEWORK_HEADER = YES;
				CLANG_WARN_RANGE_LOOP_ANALYSIS = YES;
				CLANG_WARN_STRICT_PROTOTYPES = YES;
				CLANG_WARN_SUSPICIOUS_MOVE = YES;
				CLANG_WARN_UNGUARDED_AVAILABILITY = YES_AGGRESSIVE;
				CLANG_WARN_UNREACHABLE_CODE = YES;
				CLANG_WARN__DUPLICATE_METHOD_MATCH = YES;
				COPY_PHASE_STRIP = NO;
				DEBUG_INFORMATION_FORMAT = "dwarf-with-dsym";
				ENABLE_NS_ASSERTIONS = NO;
				ENABLE_STRICT_OBJC_MSGSEND = YES;
				ENABLE_USER_SCRIPT_SANDBOXING = YES;
				GCC_C_LANGUAGE_STANDARD = gnu17;
				GCC_NO_COMMON_BLOCKS = YES;
				GCC_WARN_64_TO_32_BIT_CONVERSION = YES;
				GCC_WARN_ABOUT_RETURN_TYPE = YES_ERROR;
				GCC_WARN_UNDECLARED_SELECTOR = YES;
				GCC_WARN_UNINITIALIZED_AUTOS = YES_AGGRESSIVE;
				GCC_WARN_UNUSED_FUNCTION = YES;
				GCC_WARN_UNUSED_VARIABLE = YES;
				LOCALIZATION_PREFERS_STRING_CATALOGS = YES;
				MTL_ENABLE_DEBUG_INFO = NO;
				MTL_FAST_MATH = YES;
				SWIFT_COMPILATION_MODE = wholemodule;
			};
			name = Release;
		};
		C4AEB4692C281A830084B103 /* Debug */ = {
			isa = XCBuildConfiguration;
			buildSettings = {
				ASSETCATALOG_COMPILER_APPICON_NAME = AppIcon;
				ASSETCATALOG_COMPILER_GLOBAL_ACCENT_COLOR_NAME = AccentColor;
				CODE_SIGN_ENTITLEMENTS = AmedasNow/AmedasNow.entitlements;
				CODE_SIGN_STYLE = Automatic;
				CURRENT_PROJECT_VERSION = 1;
				DEVELOPMENT_ASSET_PATHS = "\"AmedasNow/Preview Content\"";
				DEVELOPMENT_TEAM = NXYWWKJ8Q8;
				ENABLE_HARDENED_RUNTIME = YES;
				ENABLE_PREVIEWS = YES;
				GENERATE_INFOPLIST_FILE = YES;
				INFOPLIST_KEY_CFBundleDisplayName = "アメダス ナウ";
				INFOPLIST_KEY_NSUserTrackingUsageDescription = "アプリのバグ修正およびアプリの体験向上のためにユーザー行動データを利用します";
				"INFOPLIST_KEY_UIApplicationSceneManifest_Generation[sdk=iphoneos*]" = YES;
				"INFOPLIST_KEY_UIApplicationSceneManifest_Generation[sdk=iphonesimulator*]" = YES;
				"INFOPLIST_KEY_UIApplicationSupportsIndirectInputEvents[sdk=iphoneos*]" = YES;
				"INFOPLIST_KEY_UIApplicationSupportsIndirectInputEvents[sdk=iphonesimulator*]" = YES;
				"INFOPLIST_KEY_UILaunchScreen_Generation[sdk=iphoneos*]" = YES;
				"INFOPLIST_KEY_UILaunchScreen_Generation[sdk=iphonesimulator*]" = YES;
				"INFOPLIST_KEY_UIStatusBarStyle[sdk=iphoneos*]" = UIStatusBarStyleDefault;
				"INFOPLIST_KEY_UIStatusBarStyle[sdk=iphonesimulator*]" = UIStatusBarStyleDefault;
				INFOPLIST_KEY_UISupportedInterfaceOrientations_iPad = "UIInterfaceOrientationPortrait UIInterfaceOrientationPortraitUpsideDown UIInterfaceOrientationLandscapeLeft UIInterfaceOrientationLandscapeRight";
				INFOPLIST_KEY_UISupportedInterfaceOrientations_iPhone = "UIInterfaceOrientationPortrait UIInterfaceOrientationLandscapeLeft UIInterfaceOrientationLandscapeRight";
				IPHONEOS_DEPLOYMENT_TARGET = 17.4;
				LD_RUNPATH_SEARCH_PATHS = "@executable_path/Frameworks";
				"LD_RUNPATH_SEARCH_PATHS[sdk=macosx*]" = "@executable_path/../Frameworks";
				MACOSX_DEPLOYMENT_TARGET = 14.4;
				MARKETING_VERSION = 1.1.1;
				PRODUCT_BUNDLE_IDENTIFIER = jp.hogehoge.amedasApp;
				PRODUCT_NAME = "$(TARGET_NAME)";
				SDKROOT = auto;
				SUPPORTED_PLATFORMS = "iphoneos iphonesimulator";
				SUPPORTS_MACCATALYST = NO;
				SWIFT_EMIT_LOC_STRINGS = YES;
				SWIFT_VERSION = 5.0;
				TARGETED_DEVICE_FAMILY = 1;
			};
			name = Debug;
		};
		C4AEB46A2C281A830084B103 /* Release */ = {
			isa = XCBuildConfiguration;
			buildSettings = {
				ASSETCATALOG_COMPILER_APPICON_NAME = AppIcon;
				ASSETCATALOG_COMPILER_GLOBAL_ACCENT_COLOR_NAME = AccentColor;
				CODE_SIGN_ENTITLEMENTS = AmedasNow/AmedasNow.entitlements;
				CODE_SIGN_STYLE = Automatic;
				CURRENT_PROJECT_VERSION = 1;
				DEVELOPMENT_ASSET_PATHS = "\"AmedasNow/Preview Content\"";
				DEVELOPMENT_TEAM = NXYWWKJ8Q8;
				ENABLE_HARDENED_RUNTIME = YES;
				ENABLE_PREVIEWS = YES;
				GENERATE_INFOPLIST_FILE = YES;
				INFOPLIST_KEY_CFBundleDisplayName = "アメダス ナウ";
				INFOPLIST_KEY_NSUserTrackingUsageDescription = "アプリのバグ修正およびアプリの体験向上のためにユーザー行動データを利用します";
				"INFOPLIST_KEY_UIApplicationSceneManifest_Generation[sdk=iphoneos*]" = YES;
				"INFOPLIST_KEY_UIApplicationSceneManifest_Generation[sdk=iphonesimulator*]" = YES;
				"INFOPLIST_KEY_UIApplicationSupportsIndirectInputEvents[sdk=iphoneos*]" = YES;
				"INFOPLIST_KEY_UIApplicationSupportsIndirectInputEvents[sdk=iphonesimulator*]" = YES;
				"INFOPLIST_KEY_UILaunchScreen_Generation[sdk=iphoneos*]" = YES;
				"INFOPLIST_KEY_UILaunchScreen_Generation[sdk=iphonesimulator*]" = YES;
				"INFOPLIST_KEY_UIStatusBarStyle[sdk=iphoneos*]" = UIStatusBarStyleDefault;
				"INFOPLIST_KEY_UIStatusBarStyle[sdk=iphonesimulator*]" = UIStatusBarStyleDefault;
				INFOPLIST_KEY_UISupportedInterfaceOrientations_iPad = "UIInterfaceOrientationPortrait UIInterfaceOrientationPortraitUpsideDown UIInterfaceOrientationLandscapeLeft UIInterfaceOrientationLandscapeRight";
				INFOPLIST_KEY_UISupportedInterfaceOrientations_iPhone = "UIInterfaceOrientationPortrait UIInterfaceOrientationLandscapeLeft UIInterfaceOrientationLandscapeRight";
				IPHONEOS_DEPLOYMENT_TARGET = 17.4;
				LD_RUNPATH_SEARCH_PATHS = "@executable_path/Frameworks";
				"LD_RUNPATH_SEARCH_PATHS[sdk=macosx*]" = "@executable_path/../Frameworks";
				MACOSX_DEPLOYMENT_TARGET = 14.4;
				MARKETING_VERSION = 1.1.1;
				PRODUCT_BUNDLE_IDENTIFIER = jp.hogehoge.amedasApp;
				PRODUCT_NAME = "$(TARGET_NAME)";
				SDKROOT = auto;
				SUPPORTED_PLATFORMS = "iphoneos iphonesimulator";
				SUPPORTS_MACCATALYST = NO;
				SWIFT_EMIT_LOC_STRINGS = YES;
				SWIFT_VERSION = 5.0;
				TARGETED_DEVICE_FAMILY = 1;
			};
			name = Release;
		};
/* End XCBuildConfiguration section */

/* Begin XCConfigurationList section */
		C4AEB4542C281A820084B103 /* Build configuration list for PBXProject "AmedasNow" */ = {
			isa = XCConfigurationList;
			buildConfigurations = (
				C4AEB4662C281A830084B103 /* Debug */,
				C4AEB4672C281A830084B103 /* Release */,
			);
			defaultConfigurationIsVisible = 0;
			defaultConfigurationName = Release;
		};
		C4AEB4682C281A830084B103 /* Build configuration list for PBXNativeTarget "AmedasNow" */ = {
			isa = XCConfigurationList;
			buildConfigurations = (
				C4AEB4692C281A830084B103 /* Debug */,
				C4AEB46A2C281A830084B103 /* Release */,
			);
			defaultConfigurationIsVisible = 0;
			defaultConfigurationName = Release;
		};
/* End XCConfigurationList section */

/* Begin XCRemoteSwiftPackageReference section */
		C49AF7FD2C420CF600B19399 /* XCRemoteSwiftPackageReference "SwiftSoup" */ = {
			isa = XCRemoteSwiftPackageReference;
			repositoryURL = "https://github.com/scinfu/SwiftSoup.git";
			requirement = {
				kind = upToNextMajorVersion;
				minimumVersion = 2.7.2;
			};
		};
/* End XCRemoteSwiftPackageReference section */

/* Begin XCSwiftPackageProductDependency section */
		C49AF7FE2C420CF600B19399 /* SwiftSoup */ = {
			isa = XCSwiftPackageProductDependency;
			package = C49AF7FD2C420CF600B19399 /* XCRemoteSwiftPackageReference "SwiftSoup" */;
			productName = SwiftSoup;
		};
/* End XCSwiftPackageProductDependency section */
	};
	rootObject = C4AEB4512C281A820084B103 /* Project object */;
}
